// !$*UTF8*$!
{
	archiveVersion = 1;
	classes = {
	};
	objectVersion = 56;
	objects = {

/* Begin PBXBuildFile section */
		143625F629AD9F990003C425 /* main.swift in Sources */ = {isa = PBXBuildFile; fileRef = 143625F529AD9F990003C425 /* main.swift */; };
		147EF2F129DB0DF000F17F10 /* Simpan.swift in Sources */ = {isa = PBXBuildFile; fileRef = 147EF2F029DB0DF000F17F10 /* Simpan.swift */; };
		147EF2F329DB0E6800F17F10 /* Menu.swift in Sources */ = {isa = PBXBuildFile; fileRef = 147EF2F229DB0E6800F17F10 /* Menu.swift */; };
		147EF2F729DD3C8100F17F10 /* Toko.swift in Sources */ = {isa = PBXBuildFile; fileRef = 147EF2F629DD3C8100F17F10 /* Toko.swift */; };
		147EF2F929DD428E00F17F10 /* Shopcart.swift in Sources */ = {isa = PBXBuildFile; fileRef = 147EF2F829DD428E00F17F10 /* Shopcart.swift */; };
		147EF2FC29DDC01900F17F10 /* MenuProtocol.swift in Sources */ = {isa = PBXBuildFile; fileRef = 147EF2FB29DDC01900F17F10 /* MenuProtocol.swift */; };
		147EF2FF29DDCB1F00F17F10 /* View.swift in Sources */ = {isa = PBXBuildFile; fileRef = 147EF2FE29DDCB1F00F17F10 /* View.swift */; };
/* End PBXBuildFile section */

/* Begin PBXCopyFilesBuildPhase section */
		143625F029AD9F990003C425 /* CopyFiles */ = {
			isa = PBXCopyFilesBuildPhase;
			buildActionMask = 2147483647;
			dstPath = /usr/share/man/man1/;
			dstSubfolderSpec = 0;
			files = (
			);
			runOnlyForDeploymentPostprocessing = 1;
		};
/* End PBXCopyFilesBuildPhase section */

/* Begin PBXFileReference section */
		143625F229AD9F990003C425 /* 0706012110050 - ilham risqi - AFL 1 */ = {isa = PBXFileReference; explicitFileType = "compiled.mach-o.executable"; includeInIndex = 0; path = "0706012110050 - ilham risqi - AFL 1"; sourceTree = BUILT_PRODUCTS_DIR; };
		143625F529AD9F990003C425 /* main.swift */ = {isa = PBXFileReference; lastKnownFileType = sourcecode.swift; path = main.swift; sourceTree = "<group>"; };
		147EF2F029DB0DF000F17F10 /* Simpan.swift */ = {isa = PBXFileReference; lastKnownFileType = sourcecode.swift; path = Simpan.swift; sourceTree = "<group>"; };
		147EF2F229DB0E6800F17F10 /* Menu.swift */ = {isa = PBXFileReference; lastKnownFileType = sourcecode.swift; path = Menu.swift; sourceTree = "<group>"; };
		147EF2F629DD3C8100F17F10 /* Toko.swift */ = {isa = PBXFileReference; lastKnownFileType = sourcecode.swift; path = Toko.swift; sourceTree = "<group>"; };
		147EF2F829DD428E00F17F10 /* Shopcart.swift */ = {isa = PBXFileReference; lastKnownFileType = sourcecode.swift; path = Shopcart.swift; sourceTree = "<group>"; };
		147EF2FB29DDC01900F17F10 /* MenuProtocol.swift */ = {isa = PBXFileReference; lastKnownFileType = sourcecode.swift; path = MenuProtocol.swift; sourceTree = "<group>"; };
		147EF2FE29DDCB1F00F17F10 /* View.swift */ = {isa = PBXFileReference; lastKnownFileType = sourcecode.swift; path = View.swift; sourceTree = "<group>"; };
/* End PBXFileReference section */

/* Begin PBXFrameworksBuildPhase section */
		143625EF29AD9F990003C425 /* Frameworks */ = {
			isa = PBXFrameworksBuildPhase;
			buildActionMask = 2147483647;
			files = (
			);
			runOnlyForDeploymentPostprocessing = 0;
		};
/* End PBXFrameworksBuildPhase section */

/* Begin PBXGroup section */
		143625E929AD9F990003C425 = {
			isa = PBXGroup;
			children = (
				143625F429AD9F990003C425 /* 0706012110050 - ilham risqi - AFL 1 */,
				143625F329AD9F990003C425 /* Products */,
			);
			sourceTree = "<group>";
		};
		143625F329AD9F990003C425 /* Products */ = {
			isa = PBXGroup;
			children = (
				143625F229AD9F990003C425 /* 0706012110050 - ilham risqi - AFL 1 */,
			);
			name = Products;
			sourceTree = "<group>";
		};
		143625F429AD9F990003C425 /* 0706012110050 - ilham risqi - AFL 1 */ = {
			isa = PBXGroup;
			children = (
				147EF2FD29DDCB1000F17F10 /* View */,
				147EF2FA29DDBA7300F17F10 /* protocol */,
				143625F529AD9F990003C425 /* main.swift */,
				147EF2F029DB0DF000F17F10 /* Simpan.swift */,
				147EF2F229DB0E6800F17F10 /* Menu.swift */,
				147EF2F629DD3C8100F17F10 /* Toko.swift */,
				147EF2F829DD428E00F17F10 /* Shopcart.swift */,
			);
			path = "0706012110050 - ilham risqi - AFL 1";
			sourceTree = "<group>";
		};
		147EF2FA29DDBA7300F17F10 /* protocol */ = {
			isa = PBXGroup;
			children = (
				147EF2FB29DDC01900F17F10 /* MenuProtocol.swift */,
			);
			path = protocol;
			sourceTree = "<group>";
		};
		147EF2FD29DDCB1000F17F10 /* View */ = {
			isa = PBXGroup;
			children = (
				147EF2FE29DDCB1F00F17F10 /* View.swift */,
			);
			path = View;
			sourceTree = "<group>";
		};
/* End PBXGroup section */

/* Begin PBXNativeTarget section */
		143625F129AD9F990003C425 /* 0706012110050 - ilham risqi - AFL 1 */ = {
			isa = PBXNativeTarget;
			buildConfigurationList = 143625F929AD9F990003C425 /* Build configuration list for PBXNativeTarget "0706012110050 - ilham risqi - AFL 1" */;
			buildPhases = (
				143625EE29AD9F990003C425 /* Sources */,
				143625EF29AD9F990003C425 /* Frameworks */,
				143625F029AD9F990003C425 /* CopyFiles */,
			);
			buildRules = (
			);
			dependencies = (
			);
			name = "0706012110050 - ilham risqi - AFL 1";
			productName = "0706012110050 - ilham risqi - AFL 1";
			productReference = 143625F229AD9F990003C425 /* 0706012110050 - ilham risqi - AFL 1 */;
			productType = "com.apple.product-type.tool";
		};
/* End PBXNativeTarget section */

/* Begin PBXProject section */
		143625EA29AD9F990003C425 /* Project object */ = {
			isa = PBXProject;
			attributes = {
				BuildIndependentTargetsInParallel = 1;
				LastSwiftUpdateCheck = 1420;
				LastUpgradeCheck = 1420;
				TargetAttributes = {
					143625F129AD9F990003C425 = {
						CreatedOnToolsVersion = 14.2;
					};
				};
			};
			buildConfigurationList = 143625ED29AD9F990003C425 /* Build configuration list for PBXProject "0706012110050 - ilham risqi - AFL 1" */;
			compatibilityVersion = "Xcode 14.0";
			developmentRegion = en;
			hasScannedForEncodings = 0;
			knownRegions = (
				en,
				Base,
			);
			mainGroup = 143625E929AD9F990003C425;
			productRefGroup = 143625F329AD9F990003C425 /* Products */;
			projectDirPath = "";
			projectRoot = "";
			targets = (
				143625F129AD9F990003C425 /* 0706012110050 - ilham risqi - AFL 1 */,
			);
		};
/* End PBXProject section */

/* Begin PBXSourcesBuildPhase section */
		143625EE29AD9F990003C425 /* Sources */ = {
			isa = PBXSourcesBuildPhase;
			buildActionMask = 2147483647;
			files = (
				147EF2F729DD3C8100F17F10 /* Toko.swift in Sources */,
				143625F629AD9F990003C425 /* main.swift in Sources */,
				147EF2F929DD428E00F17F10 /* Shopcart.swift in Sources */,
				147EF2F129DB0DF000F17F10 /* Simpan.swift in Sources */,
				147EF2FC29DDC01900F17F10 /* MenuProtocol.swift in Sources */,
				147EF2FF29DDCB1F00F17F10 /* View.swift in Sources */,
				147EF2F329DB0E6800F17F10 /* Menu.swift in Sources */,
			);
			runOnlyForDeploymentPostprocessing = 0;
		};
/* End PBXSourcesBuildPhase section */

/* Begin XCBuildConfiguration section */
		143625F729AD9F990003C425 /* Debug */ = {
			isa = XCBuildConfiguration;
			buildSettings = {
				ALWAYS_SEARCH_USER_PATHS = NO;
				CLANG_ANALYZER_NONNULL = YES;
				CLANG_ANALYZER_NUMBER_OBJECT_CONVERSION = YES_AGGRESSIVE;
				CLANG_CXX_LANGUAGE_STANDARD = "gnu++20";
				CLANG_ENABLE_MODULES = YES;
				CLANG_ENABLE_OBJC_ARC = YES;
				CLANG_ENABLE_OBJC_WEAK = YES;
				CLANG_WARN_BLOCK_CAPTURE_AUTORELEASING = YES;
				CLANG_WARN_BOOL_CONVERSION = YES;
				CLANG_WARN_COMMA = YES;
				CLANG_WARN_CONSTANT_CONVERSION = YES;
				CLANG_WARN_DEPRECATED_OBJC_IMPLEMENTATIONS = YES;
				CLANG_WARN_DIRECT_OBJC_ISA_USAGE = YES_ERROR;
				CLANG_WARN_DOCUMENTATION_COMMENTS = YES;
				CLANG_WARN_EMPTY_BODY = YES;
				CLANG_WARN_ENUM_CONVERSION = YES;
				CLANG_WARN_INFINITE_RECURSION = YES;
				CLANG_WARN_INT_CONVERSION = YES;
				CLANG_WARN_NON_LITERAL_NULL_CONVERSION = YES;
				CLANG_WARN_OBJC_IMPLICIT_RETAIN_SELF = YES;
				CLANG_WARN_OBJC_LITERAL_CONVERSION = YES;
				CLANG_WARN_OBJC_ROOT_CLASS = YES_ERROR;
				CLANG_WARN_QUOTED_INCLUDE_IN_FRAMEWORK_HEADER = YES;
				CLANG_WARN_RANGE_LOOP_ANALYSIS = YES;
				CLANG_WARN_STRICT_PROTOTYPES = YES;
				CLANG_WARN_SUSPICIOUS_MOVE = YES;
				CLANG_WARN_UNGUARDED_AVAILABILITY = YES_AGGRESSIVE;
				CLANG_WARN_UNREACHABLE_CODE = YES;
				CLANG_WARN__DUPLICATE_METHOD_MATCH = YES;
				COPY_PHASE_STRIP = NO;
				DEBUG_INFORMATION_FORMAT = dwarf;
				ENABLE_STRICT_OBJC_MSGSEND = YES;
				ENABLE_TESTABILITY = YES;
				GCC_C_LANGUAGE_STANDARD = gnu11;
				GCC_DYNAMIC_NO_PIC = NO;
				GCC_NO_COMMON_BLOCKS = YES;
				GCC_OPTIMIZATION_LEVEL = 0;
				GCC_PREPROCESSOR_DEFINITIONS = (
					"DEBUG=1",
					"$(inherited)",
				);
				GCC_WARN_64_TO_32_BIT_CONVERSION = YES;
				GCC_WARN_ABOUT_RETURN_TYPE = YES_ERROR;
				GCC_WARN_UNDECLARED_SELECTOR = YES;
				GCC_WARN_UNINITIALIZED_AUTOS = YES_AGGRESSIVE;
				GCC_WARN_UNUSED_FUNCTION = YES;
				GCC_WARN_UNUSED_VARIABLE = YES;
				MACOSX_DEPLOYMENT_TARGET = 13.1;
				MTL_ENABLE_DEBUG_INFO = INCLUDE_SOURCE;
				MTL_FAST_MATH = YES;
				ONLY_ACTIVE_ARCH = YES;
				SDKROOT = macosx;
				SWIFT_ACTIVE_COMPILATION_CONDITIONS = DEBUG;
				SWIFT_OPTIMIZATION_LEVEL = "-Onone";
			};
			name = Debug;
		};
		143625F829AD9F990003C425 /* Release */ = {
			isa = XCBuildConfiguration;
			buildSettings = {
				ALWAYS_SEARCH_USER_PATHS = NO;
				CLANG_ANALYZER_NONNULL = YES;
				CLANG_ANALYZER_NUMBER_OBJECT_CONVERSION = YES_AGGRESSIVE;
				CLANG_CXX_LANGUAGE_STANDARD = "gnu++20";
				CLANG_ENABLE_MODULES = YES;
				CLANG_ENABLE_OBJC_ARC = YES;
				CLANG_ENABLE_OBJC_WEAK = YES;
				CLANG_WARN_BLOCK_CAPTURE_AUTORELEASING = YES;
				CLANG_WARN_BOOL_CONVERSION = YES;
				CLANG_WARN_COMMA = YES;
				CLANG_WARN_CONSTANT_CONVERSION = YES;
				CLANG_WARN_DEPRECATED_OBJC_IMPLEMENTATIONS = YES;
				CLANG_WARN_DIRECT_OBJC_ISA_USAGE = YES_ERROR;
				CLANG_WARN_DOCUMENTATION_COMMENTS = YES;
				CLANG_WARN_EMPTY_BODY = YES;
				CLANG_WARN_ENUM_CONVERSION = YES;
				CLANG_WARN_INFINITE_RECURSION = YES;
				CLANG_WARN_INT_CONVERSION = YES;
				CLANG_WARN_NON_LITERAL_NULL_CONVERSION = YES;
				CLANG_WARN_OBJC_IMPLICIT_RETAIN_SELF = YES;
				CLANG_WARN_OBJC_LITERAL_CONVERSION = YES;
				CLANG_WARN_OBJC_ROOT_CLASS = YES_ERROR;
				CLANG_WARN_QUOTED_INCLUDE_IN_FRAMEWORK_HEADER = YES;
				CLANG_WARN_RANGE_LOOP_ANALYSIS = YES;
				CLANG_WARN_STRICT_PROTOTYPES = YES;
				CLANG_WARN_SUSPICIOUS_MOVE = YES;
				CLANG_WARN_UNGUARDED_AVAILABILITY = YES_AGGRESSIVE;
				CLANG_WARN_UNREACHABLE_CODE = YES;
				CLANG_WARN__DUPLICATE_METHOD_MATCH = YES;
				COPY_PHASE_STRIP = NO;
				DEBUG_INFORMATION_FORMAT = "dwarf-with-dsym";
				ENABLE_NS_ASSERTIONS = NO;
				ENABLE_STRICT_OBJC_MSGSEND = YES;
				GCC_C_LANGUAGE_STANDARD = gnu11;
				GCC_NO_COMMON_BLOCKS = YES;
				GCC_WARN_64_TO_32_BIT_CONVERSION = YES;
				GCC_WARN_ABOUT_RETURN_TYPE = YES_ERROR;
				GCC_WARN_UNDECLARED_SELECTOR = YES;
				GCC_WARN_UNINITIALIZED_AUTOS = YES_AGGRESSIVE;
				GCC_WARN_UNUSED_FUNCTION = YES;
				GCC_WARN_UNUSED_VARIABLE = YES;
				MACOSX_DEPLOYMENT_TARGET = 13.1;
				MTL_ENABLE_DEBUG_INFO = NO;
				MTL_FAST_MATH = YES;
				SDKROOT = macosx;
				SWIFT_COMPILATION_MODE = wholemodule;
				SWIFT_OPTIMIZATION_LEVEL = "-O";
			};
			name = Release;
		};
		143625FA29AD9F990003C425 /* Debug */ = {
			isa = XCBuildConfiguration;
			buildSettings = {
				CODE_SIGN_STYLE = Automatic;
				DEVELOPMENT_TEAM = 95MFX438UA;
				ENABLE_HARDENED_RUNTIME = YES;
				PRODUCT_NAME = "$(TARGET_NAME)";
				SWIFT_VERSION = 5.0;
			};
			name = Debug;
		};
		143625FB29AD9F990003C425 /* Release */ = {
			isa = XCBuildConfiguration;
			buildSettings = {
				CODE_SIGN_STYLE = Automatic;
				DEVELOPMENT_TEAM = 95MFX438UA;
				ENABLE_HARDENED_RUNTIME = YES;
				PRODUCT_NAME = "$(TARGET_NAME)";
				SWIFT_VERSION = 5.0;
			};
			name = Release;
		};
/* End XCBuildConfiguration section */

/* Begin XCConfigurationList section */
		143625ED29AD9F990003C425 /* Build configuration list for PBXProject "0706012110050 - ilham risqi - AFL 1" */ = {
			isa = XCConfigurationList;
			buildConfigurations = (
				143625F729AD9F990003C425 /* Debug */,
				143625F829AD9F990003C425 /* Release */,
			);
			defaultConfigurationIsVisible = 0;
			defaultConfigurationName = Release;
		};
		143625F929AD9F990003C425 /* Build configuration list for PBXNativeTarget "0706012110050 - ilham risqi - AFL 1" */ = {
			isa = XCConfigurationList;
			buildConfigurations = (
				143625FA29AD9F990003C425 /* Debug */,
				143625FB29AD9F990003C425 /* Release */,
			);
			defaultConfigurationIsVisible = 0;
			defaultConfigurationName = Release;
		};
/* End XCConfigurationList section */
	};
	rootObject = 143625EA29AD9F990003C425 /* Project object */;
}
